<?xml version="1.0" encoding="utf-8"?>
<Project ToolsVersion="4.0" xmlns="http://schemas.microsoft.com/developer/msbuild/2003">
  <ItemGroup>
    <Filter Include="Source Files">
      <UniqueIdentifier>{aeb1b0e3-7276-483f-954d-196421534fc9}</UniqueIdentifier>
      <Extensions>cpp;c;cxx;rc;def;r;odl;idl;hpj;bat</Extensions>
    </Filter>
    <Filter Include="Misc">
      <UniqueIdentifier>{46b4f2f6-eb37-441e-ac3d-f0c37c06c380}</UniqueIdentifier>
    </Filter>
    <Filter Include="Header Files">
      <UniqueIdentifier>{bb571ba0-4a91-4534-aa14-27fe15fa8b7c}</UniqueIdentifier>
      <Extensions>h;hpp;hxx;hm;inl</Extensions>
    </Filter>
  </ItemGroup>
  <ItemGroup>
    <ClCompile Include="src\AI.cpp">
      <Filter>Source Files</Filter>
    </ClCompile>
    <ClCompile Include="src\Animation.cpp">
      <Filter>Source Files</Filter>
    </ClCompile>
    <ClCompile Include="src\AStar.cpp">
      <Filter>Source Files</Filter>
    </ClCompile>
    <ClCompile Include="src\Bullet.cpp">
      <Filter>Source Files</Filter>
    </ClCompile>
    <ClCompile Include="src\BulletOnline.cpp">
      <Filter>Source Files</Filter>
    </ClCompile>
    <ClCompile Include="src\BuyMenu.cpp">
      <Filter>Source Files</Filter>
    </ClCompile>
    <ClCompile Include="src\Camera.cpp">
      <Filter>Source Files</Filter>
    </ClCompile>
    <ClCompile Include="src\Collision.cpp">
      <Filter>Source Files</Filter>
    </ClCompile>
    <ClCompile Include="src\Danzeff.cpp">
      <Filter>Source Files</Filter>
    </ClCompile>
    <ClCompile Include="src\Game.cpp">
      <Filter>Source Files</Filter>
    </ClCompile>
    <ClCompile Include="src\GameApp.cpp">
      <Filter>Source Files</Filter>
    </ClCompile>
    <ClCompile Include="src\GameLauncher.cpp">
      <Filter>Source Files</Filter>
    </ClCompile>
    <ClCompile Include="src\GameState.cpp">
      <Filter>Source Files</Filter>
    </ClCompile>
    <ClCompile Include="src\GameStateConnect.cpp">
      <Filter>Source Files</Filter>
    </ClCompile>
    <ClCompile Include="src\GameStateLoading.cpp">
      <Filter>Source Files</Filter>
    </ClCompile>
    <ClCompile Include="src\GameStateLobby.cpp">
      <Filter>Source Files</Filter>
    </ClCompile>
    <ClCompile Include="src\GameStateMenu.cpp">
      <Filter>Source Files</Filter>
    </ClCompile>
    <ClCompile Include="src\GameStateNewGame.cpp">
      <Filter>Source Files</Filter>
    </ClCompile>
    <ClCompile Include="src\GameStateOnline.cpp">
      <Filter>Source Files</Filter>
    </ClCompile>
    <ClCompile Include="src\GameStateOptions.cpp">
      <Filter>Source Files</Filter>
    </ClCompile>
    <ClCompile Include="src\GameStatePlay.cpp">
      <Filter>Source Files</Filter>
    </ClCompile>
    <ClCompile Include="src\GameStateSplash.cpp">
      <Filter>Source Files</Filter>
    </ClCompile>
    <ClCompile Include="src\GameStateUpdate.cpp">
      <Filter>Source Files</Filter>
    </ClCompile>
    <ClCompile Include="src\Globals.cpp">
      <Filter>Source Files</Filter>
    </ClCompile>
    <ClCompile Include="src\Grenade.cpp">
      <Filter>Source Files</Filter>
    </ClCompile>
    <ClCompile Include="src\Grid.cpp">
      <Filter>Source Files</Filter>
    </ClCompile>
    <ClCompile Include="src\GunObject.cpp">
      <Filter>Source Files</Filter>
    </ClCompile>
    <ClCompile Include="src\GunObjectOnline.cpp">
      <Filter>Source Files</Filter>
    </ClCompile>
    <ClCompile Include="src\HttpManager.cpp">
      <Filter>Source Files</Filter>
    </ClCompile>
    <ClCompile Include="src\Hud.cpp">
      <Filter>Source Files</Filter>
    </ClCompile>
    <ClCompile Include="src\idstorage.c">
      <Filter>Source Files</Filter>
    </ClCompile>
    <ClCompile Include="src\ListBox.cpp">
      <Filter>Source Files</Filter>
    </ClCompile>
    <ClCompile Include="src\MenuItem.cpp">
      <Filter>Source Files</Filter>
    </ClCompile>
    <ClCompile Include="src\Node.cpp">
      <Filter>Source Files</Filter>
    </ClCompile>
    <ClCompile Include="src\Packet.cpp">
      <Filter>Source Files</Filter>
    </ClCompile>
    <ClCompile Include="src\Particle.cpp">
      <Filter>Source Files</Filter>
    </ClCompile>
    <ClCompile Include="src\ParticleEngine.cpp">
      <Filter>Source Files</Filter>
    </ClCompile>
    <ClCompile Include="src\Person.cpp">
      <Filter>Source Files</Filter>
    </ClCompile>
    <ClCompile Include="src\PersonOnline.cpp">
      <Filter>Source Files</Filter>
    </ClCompile>
    <ClCompile Include="src\SfxManager.cpp">
      <Filter>Source Files</Filter>
    </ClCompile>
    <ClCompile Include="src\TeamMenu.cpp">
      <Filter>Source Files</Filter>
    </ClCompile>
    <ClCompile Include="src\TileMap.cpp">
      <Filter>Source Files</Filter>
    </ClCompile>
    <ClCompile Include="src\UdpManager.cpp">
      <Filter>Source Files</Filter>
    </ClCompile>
    <ClCompile Include="src\Wlan.cpp">
      <Filter>Source Files</Filter>
    </ClCompile>
  </ItemGroup>
  <ItemGroup>
    <Text Include="bin\data\animations.txt">
      <Filter>Misc</Filter>
    </Text>
    <Text Include="bin\data\config.txt">
      <Filter>Misc</Filter>
    </Text>
    <Text Include="bin\data\favorites.txt">
      <Filter>Misc</Filter>
    </Text>
    <Text Include="bin\data\guns.txt">
      <Filter>Misc</Filter>
    </Text>
  </ItemGroup>
  <ItemGroup>
    <None Include="Makefile">
      <Filter>Misc</Filter>
    </None>
    <None Include="Makefile.1xx">
      <Filter>Misc</Filter>
    </None>
    <None Include="Makefile.3xx">
      <Filter>Misc</Filter>
    </None>
    <None Include="mk.bat">
      <Filter>Misc</Filter>
    </None>
  </ItemGroup>
  <ItemGroup>
    <ClInclude Include="src\AI.h">
      <Filter>Header Files</Filter>
    </ClInclude>
    <ClInclude Include="src\Animation.h">
      <Filter>Header Files</Filter>
    </ClInclude>
    <ClInclude Include="src\AStar.h">
      <Filter>Header Files</Filter>
    </ClInclude>
    <ClInclude Include="src\Bullet.h">
      <Filter>Header Files</Filter>
    </ClInclude>
    <ClInclude Include="src\BulletOnline.h">
      <Filter>Header Files</Filter>
    </ClInclude>
    <ClInclude Include="src\BuyMenu.h">
      <Filter>Header Files</Filter>
    </ClInclude>
    <ClInclude Include="src\Camera.h">
      <Filter>Header Files</Filter>
    </ClInclude>
    <ClInclude Include="src\Collision.h">
      <Filter>Header Files</Filter>
    </ClInclude>
    <ClInclude Include="src\Danzeff.h">
      <Filter>Header Files</Filter>
    </ClInclude>
    <ClInclude Include="src\Game.h">
      <Filter>Header Files</Filter>
    </ClInclude>
    <ClInclude Include="src\GameApp.h">
      <Filter>Header Files</Filter>
    </ClInclude>
    <ClInclude Include="src\GameState.h">
      <Filter>Header Files</Filter>
    </ClInclude>
    <ClInclude Include="src\GameStateConnect.h">
      <Filter>Header Files</Filter>
    </ClInclude>
    <ClInclude Include="src\GameStateLoading.h">
      <Filter>Header Files</Filter>
    </ClInclude>
    <ClInclude Include="src\GameStateLobby.h">
      <Filter>Header Files</Filter>
    </ClInclude>
    <ClInclude Include="src\GameStateMenu.h">
      <Filter>Header Files</Filter>
    </ClInclude>
    <ClInclude Include="src\GameStateNewGame.h">
      <Filter>Header Files</Filter>
    </ClInclude>
    <ClInclude Include="src\GameStateOnline.h">
      <Filter>Header Files</Filter>
    </ClInclude>
    <ClInclude Include="src\GameStateOptions.h">
      <Filter>Header Files</Filter>
    </ClInclude>
    <ClInclude Include="src\GameStatePlay.h">
      <Filter>Header Files</Filter>
    </ClInclude>
    <ClInclude Include="src\GameStateSplash.h">
      <Filter>Header Files</Filter>
    </ClInclude>
    <ClInclude Include="src\GameStateUpdate.h">
      <Filter>Header Files</Filter>
    </ClInclude>
    <ClInclude Include="src\Globals.h">
      <Filter>Header Files</Filter>
    </ClInclude>
    <ClInclude Include="src\Grenade.h">
      <Filter>Header Files</Filter>
    </ClInclude>
    <ClInclude Include="src\Grid.h">
      <Filter>Header Files</Filter>
    </ClInclude>
    <ClInclude Include="src\GunObject.h">
      <Filter>Header Files</Filter>
    </ClInclude>
    <ClInclude Include="src\GunObjectOnline.h">
      <Filter>Header Files</Filter>
    </ClInclude>
    <ClInclude Include="src\HttpManager.h">
      <Filter>Header Files</Filter>
    </ClInclude>
    <ClInclude Include="src\Hud.h">
      <Filter>Header Files</Filter>
    </ClInclude>
    <ClInclude Include="src\ListBox.h">
      <Filter>Header Files</Filter>
    </ClInclude>
    <ClInclude Include="src\Menu.h">
      <Filter>Header Files</Filter>
    </ClInclude>
    <ClInclude Include="src\MenuItem.h">
      <Filter>Header Files</Filter>
    </ClInclude>
    <ClInclude Include="src\MeshEffect.h">
      <Filter>Header Files</Filter>
    </ClInclude>
    <ClInclude Include="src\Node.h">
      <Filter>Header Files</Filter>
    </ClInclude>
    <ClInclude Include="src\Packet.h">
      <Filter>Header Files</Filter>
    </ClInclude>
    <ClInclude Include="src\Particle.h">
      <Filter>Header Files</Filter>
    </ClInclude>
    <ClInclude Include="src\ParticleEngine.h">
      <Filter>Header Files</Filter>
    </ClInclude>
    <ClInclude Include="src\Person.h">
      <Filter>Header Files</Filter>
    </ClInclude>
    <ClInclude Include="src\PersonOnline.h">
      <Filter>Header Files</Filter>
    </ClInclude>
    <ClInclude Include="src\SfxManager.h">
      <Filter>Header Files</Filter>
    </ClInclude>
    <ClInclude Include="src\TeamMenu.h">
      <Filter>Header Files</Filter>
    </ClInclude>
    <ClInclude Include="src\TileMap.h">
      <Filter>Header Files</Filter>
    </ClInclude>
    <ClInclude Include="src\UdpManager.h">
      <Filter>Header Files</Filter>
    </ClInclude>
    <ClInclude Include="src\Wlan.h">
      <Filter>Header Files</Filter>
    </ClInclude>
  </ItemGroup>
</Project>